
Microsoft Visual Studio Solution File, Format Version 12.00
# Visual Studio Version 16
VisualStudioVersion = 16.0.31025.194
MinimumVisualStudioVersion = 10.0.40219.1
Project("{FAE04EC0-301F-11D3-BF4B-00C04F79EFBC}") = "OdenseUniversity", "OdenseUniversity.csproj", "{F212B8AE-816A-42B0-97DC-5F2616E9B9F8}"
EndProject
Global
	GlobalSection(SolutionConfigurationPlatforms) = preSolution
		Debug|Any CPU = Debug|Any CPU
		Release|Any CPU = Release|Any CPU
	EndGlobalSection
	GlobalSection(ProjectConfigurationPlatforms) = postSolution
		{F212B8AE-816A-42B0-97DC-5F2616E9B9F8}.Debug|Any CPU.ActiveCfg = Debug|Any CPU
		{F212B8AE-816A-42B0-97DC-5F2616E9B9F8}.Debug|Any CPU.Build.0 = Debug|Any CPU
		{F212B8AE-816A-42B0-97DC-5F2616E9B9F8}.Release|Any CPU.ActiveCfg = Release|Any CPU
		{F212B8AE-816A-42B0-97DC-5F2616E9B9F8}.Release|Any CPU.Build.0 = Release|Any CPU
	EndGlobalSection
	GlobalSection(SolutionProperties) = preSolution
		HideSolutionNode = FALSE
	EndGlobalSection
	GlobalSection(ExtensibilityGlobals) = postSolution
		SolutionGuid = {A18485B6-D733-4DD4-A074-2CC6C704D5FF}
	EndGlobalSection
EndGlobal
